
Microsoft Visual Studio Solution File, Format Version 12.00
# Visual Studio Version 16
VisualStudioVersion = 16.0.29926.136
MinimumVisualStudioVersion = 10.0.40219.1
Project("{9A19103F-16F7-4668-BE54-9A1E7A4F7556}") = "Singleton", "Singleton\Singleton.csproj", "{FF293CED-C8D3-4CB1-AF7A-8760C4F61ED7}"
EndProject
Project("{2150E333-8FDC-42A3-9474-1A3956D46DE8}") = "Solution Items", "Solution Items", "{1B7B21C5-6191-4757-9821-9711D95B2146}"
	ProjectSection(SolutionItems) = preProject
		README.md = README.md
	EndProjectSection
EndProject
Project("{FAE04EC0-301F-11D3-BF4B-00C04F79EFBC}") = "MainExamples", "MainExamples\MainExamples.csproj", "{D250620C-6E60-4B6E-B3CE-676574B12E63}"
	ProjectSection(ProjectDependencies) = postProject
		{A62CBD57-3A20-400E-AEF9-7635445BA575} = {A62CBD57-3A20-400E-AEF9-7635445BA575}
		{FF293CED-C8D3-4CB1-AF7A-8760C4F61ED7} = {FF293CED-C8D3-4CB1-AF7A-8760C4F61ED7}
	EndProjectSection
EndProject
Project("{9A19103F-16F7-4668-BE54-9A1E7A4F7556}") = "TemplateMethod", "TemplateMethod\TemplateMethod.csproj", "{A3CDF59E-0321-4671-8DA2-404A91AA6340}"
EndProject
Project("{9A19103F-16F7-4668-BE54-9A1E7A4F7556}") = "FactoryMethod", "FactoryMethod\FactoryMethod.csproj", "{DE572A93-578A-471C-BF90-507B4DD7C15C}"
EndProject
Project("{9A19103F-16F7-4668-BE54-9A1E7A4F7556}") = "Decorator", "Decorator\Decorator.csproj", "{EEC77FC7-C44E-4B13-A0E2-584C8133868E}"
EndProject
Project("{FAE04EC0-301F-11D3-BF4B-00C04F79EFBC}") = "Adapter", "Adapter\Adapter.csproj", "{62DF6E04-47B0-4A11-9E48-39079E4DB842}"
EndProject
Global
	GlobalSection(SolutionConfigurationPlatforms) = preSolution
		Debug|Any CPU = Debug|Any CPU
		Release|Any CPU = Release|Any CPU
	EndGlobalSection
	GlobalSection(ProjectConfigurationPlatforms) = postSolution
		{FF293CED-C8D3-4CB1-AF7A-8760C4F61ED7}.Debug|Any CPU.ActiveCfg = Debug|Any CPU
		{FF293CED-C8D3-4CB1-AF7A-8760C4F61ED7}.Debug|Any CPU.Build.0 = Debug|Any CPU
		{FF293CED-C8D3-4CB1-AF7A-8760C4F61ED7}.Release|Any CPU.ActiveCfg = Release|Any CPU
		{FF293CED-C8D3-4CB1-AF7A-8760C4F61ED7}.Release|Any CPU.Build.0 = Release|Any CPU
		{D250620C-6E60-4B6E-B3CE-676574B12E63}.Debug|Any CPU.ActiveCfg = Debug|Any CPU
		{D250620C-6E60-4B6E-B3CE-676574B12E63}.Debug|Any CPU.Build.0 = Debug|Any CPU
		{D250620C-6E60-4B6E-B3CE-676574B12E63}.Release|Any CPU.ActiveCfg = Release|Any CPU
		{D250620C-6E60-4B6E-B3CE-676574B12E63}.Release|Any CPU.Build.0 = Release|Any CPU
		{A62CBD57-3A20-400E-AEF9-7635445BA575}.Debug|Any CPU.ActiveCfg = Debug|Any CPU
		{A62CBD57-3A20-400E-AEF9-7635445BA575}.Debug|Any CPU.Build.0 = Debug|Any CPU
		{A62CBD57-3A20-400E-AEF9-7635445BA575}.Release|Any CPU.ActiveCfg = Release|Any CPU
		{A62CBD57-3A20-400E-AEF9-7635445BA575}.Release|Any CPU.Build.0 = Release|Any CPU
		{A3CDF59E-0321-4671-8DA2-404A91AA6340}.Debug|Any CPU.ActiveCfg = Debug|Any CPU
		{A3CDF59E-0321-4671-8DA2-404A91AA6340}.Debug|Any CPU.Build.0 = Debug|Any CPU
		{A3CDF59E-0321-4671-8DA2-404A91AA6340}.Release|Any CPU.ActiveCfg = Release|Any CPU
		{A3CDF59E-0321-4671-8DA2-404A91AA6340}.Release|Any CPU.Build.0 = Release|Any CPU
		{DE572A93-578A-471C-BF90-507B4DD7C15C}.Debug|Any CPU.ActiveCfg = Debug|Any CPU
		{DE572A93-578A-471C-BF90-507B4DD7C15C}.Debug|Any CPU.Build.0 = Debug|Any CPU
		{DE572A93-578A-471C-BF90-507B4DD7C15C}.Release|Any CPU.ActiveCfg = Release|Any CPU
		{DE572A93-578A-471C-BF90-507B4DD7C15C}.Release|Any CPU.Build.0 = Release|Any CPU
		{EEC77FC7-C44E-4B13-A0E2-584C8133868E}.Debug|Any CPU.ActiveCfg = Debug|Any CPU
		{EEC77FC7-C44E-4B13-A0E2-584C8133868E}.Debug|Any CPU.Build.0 = Debug|Any CPU
		{EEC77FC7-C44E-4B13-A0E2-584C8133868E}.Release|Any CPU.ActiveCfg = Release|Any CPU
		{EEC77FC7-C44E-4B13-A0E2-584C8133868E}.Release|Any CPU.Build.0 = Release|Any CPU
		{62DF6E04-47B0-4A11-9E48-39079E4DB842}.Debug|Any CPU.ActiveCfg = Debug|Any CPU
		{62DF6E04-47B0-4A11-9E48-39079E4DB842}.Debug|Any CPU.Build.0 = Debug|Any CPU
		{62DF6E04-47B0-4A11-9E48-39079E4DB842}.Release|Any CPU.ActiveCfg = Release|Any CPU
		{62DF6E04-47B0-4A11-9E48-39079E4DB842}.Release|Any CPU.Build.0 = Release|Any CPU
	EndGlobalSection
	GlobalSection(SolutionProperties) = preSolution
		HideSolutionNode = FALSE
	EndGlobalSection
	GlobalSection(ExtensibilityGlobals) = postSolution
		SolutionGuid = {4547EE1A-E920-428C-8FFA-DC7FA6FF242F}
	EndGlobalSection
EndGlobal
