
Microsoft Visual Studio Solution File, Format Version 12.00
# Visual Studio Version 16
VisualStudioVersion = 16.0.29926.136
MinimumVisualStudioVersion = 10.0.40219.1
Project("{9A19103F-16F7-4668-BE54-9A1E7A4F7556}") = "Singleton", "Singleton\Singleton.csproj", "{FF293CED-C8D3-4CB1-AF7A-8760C4F61ED7}"
EndProject
Project("{2150E333-8FDC-42A3-9474-1A3956D46DE8}") = "Solution Items", "Solution Items", "{1B7B21C5-6191-4757-9821-9711D95B2146}"
	ProjectSection(SolutionItems) = preProject
		README.md = README.md
	EndProjectSection
EndProject
Project("{FAE04EC0-301F-11D3-BF4B-00C04F79EFBC}") = "MainExamples", "MainExamples\MainExamples.csproj", "{D250620C-6E60-4B6E-B3CE-676574B12E63}"
	ProjectSection(ProjectDependencies) = postProject
		{A62CBD57-3A20-400E-AEF9-7635445BA575} = {A62CBD57-3A20-400E-AEF9-7635445BA575}
		{7A7339D9-6773-40CF-BCD8-E61F9F55A38B} = {7A7339D9-6773-40CF-BCD8-E61F9F55A38B}
		{FF293CED-C8D3-4CB1-AF7A-8760C4F61ED7} = {FF293CED-C8D3-4CB1-AF7A-8760C4F61ED7}
	EndProjectSection
EndProject
Project("{9A19103F-16F7-4668-BE54-9A1E7A4F7556}") = "Adapter", "Adapter\Adapter.csproj", "{A62CBD57-3A20-400E-AEF9-7635445BA575}"
EndProject
Project("{9A19103F-16F7-4668-BE54-9A1E7A4F7556}") = "Decorator", "Decorator\Decorator.csproj", "{0D92CDDE-9402-4269-8789-44B33FD98E61}"
EndProject
Project("{9A19103F-16F7-4668-BE54-9A1E7A4F7556}") = "TemplateMethod", "TemplateMethod\TemplateMethod.csproj", "{7A7339D9-6773-40CF-BCD8-E61F9F55A38B}"
EndProject
Project("{FAE04EC0-301F-11D3-BF4B-00C04F79EFBC}") = "FactoryMethod", "FactoryMethod\FactoryMethod.csproj", "{F8F76FF3-759E-4B2A-8D0B-2FE97E3BCC68}"
EndProject
Global
	GlobalSection(SolutionConfigurationPlatforms) = preSolution
		Debug|Any CPU = Debug|Any CPU
		Release|Any CPU = Release|Any CPU
	EndGlobalSection
	GlobalSection(ProjectConfigurationPlatforms) = postSolution
		{FF293CED-C8D3-4CB1-AF7A-8760C4F61ED7}.Debug|Any CPU.ActiveCfg = Debug|Any CPU
		{FF293CED-C8D3-4CB1-AF7A-8760C4F61ED7}.Debug|Any CPU.Build.0 = Debug|Any CPU
		{FF293CED-C8D3-4CB1-AF7A-8760C4F61ED7}.Release|Any CPU.ActiveCfg = Release|Any CPU
		{FF293CED-C8D3-4CB1-AF7A-8760C4F61ED7}.Release|Any CPU.Build.0 = Release|Any CPU
		{D250620C-6E60-4B6E-B3CE-676574B12E63}.Debug|Any CPU.ActiveCfg = Debug|Any CPU
		{D250620C-6E60-4B6E-B3CE-676574B12E63}.Debug|Any CPU.Build.0 = Debug|Any CPU
		{D250620C-6E60-4B6E-B3CE-676574B12E63}.Release|Any CPU.ActiveCfg = Release|Any CPU
		{D250620C-6E60-4B6E-B3CE-676574B12E63}.Release|Any CPU.Build.0 = Release|Any CPU
		{A62CBD57-3A20-400E-AEF9-7635445BA575}.Debug|Any CPU.ActiveCfg = Debug|Any CPU
		{A62CBD57-3A20-400E-AEF9-7635445BA575}.Debug|Any CPU.Build.0 = Debug|Any CPU
		{A62CBD57-3A20-400E-AEF9-7635445BA575}.Release|Any CPU.ActiveCfg = Release|Any CPU
		{A62CBD57-3A20-400E-AEF9-7635445BA575}.Release|Any CPU.Build.0 = Release|Any CPU
		{0D92CDDE-9402-4269-8789-44B33FD98E61}.Debug|Any CPU.ActiveCfg = Debug|Any CPU
		{0D92CDDE-9402-4269-8789-44B33FD98E61}.Debug|Any CPU.Build.0 = Debug|Any CPU
		{0D92CDDE-9402-4269-8789-44B33FD98E61}.Release|Any CPU.ActiveCfg = Release|Any CPU
		{0D92CDDE-9402-4269-8789-44B33FD98E61}.Release|Any CPU.Build.0 = Release|Any CPU
		{7A7339D9-6773-40CF-BCD8-E61F9F55A38B}.Debug|Any CPU.ActiveCfg = Debug|Any CPU
		{7A7339D9-6773-40CF-BCD8-E61F9F55A38B}.Debug|Any CPU.Build.0 = Debug|Any CPU
		{7A7339D9-6773-40CF-BCD8-E61F9F55A38B}.Release|Any CPU.ActiveCfg = Release|Any CPU
		{7A7339D9-6773-40CF-BCD8-E61F9F55A38B}.Release|Any CPU.Build.0 = Release|Any CPU
		{F8F76FF3-759E-4B2A-8D0B-2FE97E3BCC68}.Debug|Any CPU.ActiveCfg = Debug|Any CPU
		{F8F76FF3-759E-4B2A-8D0B-2FE97E3BCC68}.Debug|Any CPU.Build.0 = Debug|Any CPU
		{F8F76FF3-759E-4B2A-8D0B-2FE97E3BCC68}.Release|Any CPU.ActiveCfg = Release|Any CPU
		{F8F76FF3-759E-4B2A-8D0B-2FE97E3BCC68}.Release|Any CPU.Build.0 = Release|Any CPU
	EndGlobalSection
	GlobalSection(SolutionProperties) = preSolution
		HideSolutionNode = FALSE
	EndGlobalSection
	GlobalSection(ExtensibilityGlobals) = postSolution
		SolutionGuid = {4547EE1A-E920-428C-8FFA-DC7FA6FF242F}
	EndGlobalSection
EndGlobal
