
Microsoft Visual Studio Solution File, Format Version 12.00
# Visual Studio Version 16
VisualStudioVersion = 16.0.29926.136
MinimumVisualStudioVersion = 10.0.40219.1
Project("{FAE04EC0-301F-11D3-BF4B-00C04F79EFBC}") = "Singleton", "Singleton\Singleton.csproj", "{FF293CED-C8D3-4CB1-AF7A-8760C4F61ED7}"
EndProject
Global
	GlobalSection(SolutionConfigurationPlatforms) = preSolution
		Debug|Any CPU = Debug|Any CPU
		Release|Any CPU = Release|Any CPU
	EndGlobalSection
	GlobalSection(ProjectConfigurationPlatforms) = postSolution
		{FF293CED-C8D3-4CB1-AF7A-8760C4F61ED7}.Debug|Any CPU.ActiveCfg = Debug|Any CPU
		{FF293CED-C8D3-4CB1-AF7A-8760C4F61ED7}.Debug|Any CPU.Build.0 = Debug|Any CPU
		{FF293CED-C8D3-4CB1-AF7A-8760C4F61ED7}.Release|Any CPU.ActiveCfg = Release|Any CPU
		{FF293CED-C8D3-4CB1-AF7A-8760C4F61ED7}.Release|Any CPU.Build.0 = Release|Any CPU
	EndGlobalSection
	GlobalSection(SolutionProperties) = preSolution
		HideSolutionNode = FALSE
	EndGlobalSection
	GlobalSection(ExtensibilityGlobals) = postSolution
		SolutionGuid = {4547EE1A-E920-428C-8FFA-DC7FA6FF242F}
	EndGlobalSection
EndGlobal
